
Microsoft Visual Studio Solution File, Format Version 12.00
# Visual Studio Version 17
VisualStudioVersion = 17.1.31903.286
MinimumVisualStudioVersion = 10.0.40219.1
Project("{FAE04EC0-301F-11D3-BF4B-00C04F79EFBC}") = "HeadContentSample", "HeadContentSample.csproj", "{68CEA639-496F-4F4E-9FB2-5A64B9E434AC}"
EndProject
Global
	GlobalSection(SolutionConfigurationPlatforms) = preSolution
		Debug|Any CPU = Debug|Any CPU
		Release|Any CPU = Release|Any CPU
	EndGlobalSection
	GlobalSection(ProjectConfigurationPlatforms) = postSolution
		{68CEA639-496F-4F4E-9FB2-5A64B9E434AC}.Debug|Any CPU.ActiveCfg = Debug|Any CPU
		{68CEA639-496F-4F4E-9FB2-5A64B9E434AC}.Debug|Any CPU.Build.0 = Debug|Any CPU
		{68CEA639-496F-4F4E-9FB2-5A64B9E434AC}.Release|Any CPU.ActiveCfg = Release|Any CPU
		{68CEA639-496F-4F4E-9FB2-5A64B9E434AC}.Release|Any CPU.Build.0 = Release|Any CPU
	EndGlobalSection
	GlobalSection(SolutionProperties) = preSolution
		HideSolutionNode = FALSE
	EndGlobalSection
	GlobalSection(ExtensibilityGlobals) = postSolution
		SolutionGuid = {941FDB7F-D48D-4329-999A-5D6124B79DA8}
	EndGlobalSection
EndGlobal
